
Microsoft Visual Studio Solution File, Format Version 12.00
# Visual Studio Version 17
VisualStudioVersion = 17.4.33122.133
MinimumVisualStudioVersion = 10.0.40219.1
Project("{9A19103F-16F7-4668-BE54-9A1E7A4F7556}") = "BlazorEcommerce.Server", "BlazorEcommerce\Server\BlazorEcommerce.Server.csproj", "{26DEAF2D-F49B-4BA6-B12C-06E10B452E4B}"
EndProject
Project("{9A19103F-16F7-4668-BE54-9A1E7A4F7556}") = "BlazorEcommerce.Client", "BlazorEcommerce\Client\BlazorEcommerce.Client.csproj", "{7EFA35A8-FFC7-4CFF-9A85-19660CCD572C}"
EndProject
Project("{9A19103F-16F7-4668-BE54-9A1E7A4F7556}") = "BlazorEcommerce.Shared", "BlazorEcommerce\Shared\BlazorEcommerce.Shared.csproj", "{7C4E1878-7B95-4C3A-B73B-7ABB66140978}"
EndProject
Global
	GlobalSection(SolutionConfigurationPlatforms) = preSolution
		Debug|Any CPU = Debug|Any CPU
		Release|Any CPU = Release|Any CPU
	EndGlobalSection
	GlobalSection(ProjectConfigurationPlatforms) = postSolution
		{26DEAF2D-F49B-4BA6-B12C-06E10B452E4B}.Debug|Any CPU.ActiveCfg = Debug|Any CPU
		{26DEAF2D-F49B-4BA6-B12C-06E10B452E4B}.Debug|Any CPU.Build.0 = Debug|Any CPU
		{26DEAF2D-F49B-4BA6-B12C-06E10B452E4B}.Release|Any CPU.ActiveCfg = Release|Any CPU
		{26DEAF2D-F49B-4BA6-B12C-06E10B452E4B}.Release|Any CPU.Build.0 = Release|Any CPU
		{7EFA35A8-FFC7-4CFF-9A85-19660CCD572C}.Debug|Any CPU.ActiveCfg = Debug|Any CPU
		{7EFA35A8-FFC7-4CFF-9A85-19660CCD572C}.Debug|Any CPU.Build.0 = Debug|Any CPU
		{7EFA35A8-FFC7-4CFF-9A85-19660CCD572C}.Release|Any CPU.ActiveCfg = Release|Any CPU
		{7EFA35A8-FFC7-4CFF-9A85-19660CCD572C}.Release|Any CPU.Build.0 = Release|Any CPU
		{7C4E1878-7B95-4C3A-B73B-7ABB66140978}.Debug|Any CPU.ActiveCfg = Debug|Any CPU
		{7C4E1878-7B95-4C3A-B73B-7ABB66140978}.Debug|Any CPU.Build.0 = Debug|Any CPU
		{7C4E1878-7B95-4C3A-B73B-7ABB66140978}.Release|Any CPU.ActiveCfg = Release|Any CPU
		{7C4E1878-7B95-4C3A-B73B-7ABB66140978}.Release|Any CPU.Build.0 = Release|Any CPU
	EndGlobalSection
	GlobalSection(SolutionProperties) = preSolution
		HideSolutionNode = FALSE
	EndGlobalSection
	GlobalSection(ExtensibilityGlobals) = postSolution
		SolutionGuid = {ED765003-0F3F-4760-B391-9D86B94A53B2}
	EndGlobalSection
EndGlobal
